// !$*UTF8*$!
{
	archiveVersion = 1;
	classes = {
	};
	objectVersion = 77;
	objects = {

/* Begin PBXBuildFile section */
		E1D41A032DA4F33D0055A2F6 /* BigInt in Frameworks */ = {isa = PBXBuildFile; productRef = E1D41A022DA4F33D0055A2F6 /* BigInt */; };
		E1D41A062DA4F5A00055A2F6 /* CryptoSwift in Frameworks */ = {isa = PBXBuildFile; productRef = E1D41A052DA4F5A00055A2F6 /* CryptoSwift */; };
		E1D41A0B2DA4F6880055A2F6 /* BigNum in Frameworks */ = {isa = PBXBuildFile; productRef = E1D41A0A2DA4F6880055A2F6 /* BigNum */; };
/* End PBXBuildFile section */

/* Begin PBXContainerItemProxy section */
		E1D419E12DA4EFAD0055A2F6 /* PBXContainerItemProxy */ = {
			isa = PBXContainerItemProxy;
			containerPortal = E1D419CB2DA4EFAC0055A2F6 /* Project object */;
			proxyType = 1;
			remoteGlobalIDString = E1D419D22DA4EFAC0055A2F6;
			remoteInfo = cryptocal;
		};
		E1D419EB2DA4EFAD0055A2F6 /* PBXContainerItemProxy */ = {
			isa = PBXContainerItemProxy;
			containerPortal = E1D419CB2DA4EFAC0055A2F6 /* Project object */;
			proxyType = 1;
			remoteGlobalIDString = E1D419D22DA4EFAC0055A2F6;
			remoteInfo = cryptocal;
		};
/* End PBXContainerItemProxy section */

/* Begin PBXFileReference section */
		E1D419D32DA4EFAC0055A2F6 /* cryptocal.app */ = {isa = PBXFileReference; explicitFileType = wrapper.application; includeInIndex = 0; path = cryptocal.app; sourceTree = BUILT_PRODUCTS_DIR; };
		E1D419E02DA4EFAD0055A2F6 /* cryptocalTests.xctest */ = {isa = PBXFileReference; explicitFileType = wrapper.cfbundle; includeInIndex = 0; path = cryptocalTests.xctest; sourceTree = BUILT_PRODUCTS_DIR; };
		E1D419EA2DA4EFAD0055A2F6 /* cryptocalUITests.xctest */ = {isa = PBXFileReference; explicitFileType = wrapper.cfbundle; includeInIndex = 0; path = cryptocalUITests.xctest; sourceTree = BUILT_PRODUCTS_DIR; };
/* End PBXFileReference section */

/* Begin PBXFileSystemSynchronizedRootGroup section */
		E1D419D52DA4EFAC0055A2F6 /* cryptocal */ = {
			isa = PBXFileSystemSynchronizedRootGroup;
			path = cryptocal;
			sourceTree = "<group>";
		};
		E1D419E32DA4EFAD0055A2F6 /* cryptocalTests */ = {
			isa = PBXFileSystemSynchronizedRootGroup;
			path = cryptocalTests;
			sourceTree = "<group>";
		};
		E1D419ED2DA4EFAD0055A2F6 /* cryptocalUITests */ = {
			isa = PBXFileSystemSynchronizedRootGroup;
			path = cryptocalUITests;
			sourceTree = "<group>";
		};
/* End PBXFileSystemSynchronizedRootGroup section */

/* Begin PBXFrameworksBuildPhase section */
		E1D419D02DA4EFAC0055A2F6 /* Frameworks */ = {
			isa = PBXFrameworksBuildPhase;
			buildActionMask = 2147483647;
			files = (
				E1D41A0B2DA4F6880055A2F6 /* BigNum in Frameworks */,
				E1D41A032DA4F33D0055A2F6 /* BigInt in Frameworks */,
				E1D41A062DA4F5A00055A2F6 /* CryptoSwift in Frameworks */,
			);
			runOnlyForDeploymentPostprocessing = 0;
		};
		E1D419DD2DA4EFAD0055A2F6 /* Frameworks */ = {
			isa = PBXFrameworksBuildPhase;
			buildActionMask = 2147483647;
			files = (
			);
			runOnlyForDeploymentPostprocessing = 0;
		};
		E1D419E72DA4EFAD0055A2F6 /* Frameworks */ = {
			isa = PBXFrameworksBuildPhase;
			buildActionMask = 2147483647;
			files = (
			);
			runOnlyForDeploymentPostprocessing = 0;
		};
/* End PBXFrameworksBuildPhase section */

/* Begin PBXGroup section */
		E1D419CA2DA4EFAC0055A2F6 = {
			isa = PBXGroup;
			children = (
				E1D419D52DA4EFAC0055A2F6 /* cryptocal */,
				E1D419E32DA4EFAD0055A2F6 /* cryptocalTests */,
				E1D419ED2DA4EFAD0055A2F6 /* cryptocalUITests */,
				E1D419D42DA4EFAC0055A2F6 /* Products */,
			);
			sourceTree = "<group>";
		};
		E1D419D42DA4EFAC0055A2F6 /* Products */ = {
			isa = PBXGroup;
			children = (
				E1D419D32DA4EFAC0055A2F6 /* cryptocal.app */,
				E1D419E02DA4EFAD0055A2F6 /* cryptocalTests.xctest */,
				E1D419EA2DA4EFAD0055A2F6 /* cryptocalUITests.xctest */,
			);
			name = Products;
			sourceTree = "<group>";
		};
/* End PBXGroup section */

/* Begin PBXNativeTarget section */
		E1D419D22DA4EFAC0055A2F6 /* cryptocal */ = {
			isa = PBXNativeTarget;
			buildConfigurationList = E1D419F42DA4EFAD0055A2F6 /* Build configuration list for PBXNativeTarget "cryptocal" */;
			buildPhases = (
				E1D419CF2DA4EFAC0055A2F6 /* Sources */,
				E1D419D02DA4EFAC0055A2F6 /* Frameworks */,
				E1D419D12DA4EFAC0055A2F6 /* Resources */,
			);
			buildRules = (
			);
			dependencies = (
			);
			fileSystemSynchronizedGroups = (
				E1D419D52DA4EFAC0055A2F6 /* cryptocal */,
			);
			name = cryptocal;
			packageProductDependencies = (
				E1D41A022DA4F33D0055A2F6 /* BigInt */,
				E1D41A052DA4F5A00055A2F6 /* CryptoSwift */,
				E1D41A0A2DA4F6880055A2F6 /* BigNum */,
			);
			productName = cryptocal;
			productReference = E1D419D32DA4EFAC0055A2F6 /* cryptocal.app */;
			productType = "com.apple.product-type.application";
		};
		E1D419DF2DA4EFAD0055A2F6 /* cryptocalTests */ = {
			isa = PBXNativeTarget;
			buildConfigurationList = E1D419F72DA4EFAD0055A2F6 /* Build configuration list for PBXNativeTarget "cryptocalTests" */;
			buildPhases = (
				E1D419DC2DA4EFAD0055A2F6 /* Sources */,
				E1D419DD2DA4EFAD0055A2F6 /* Frameworks */,
				E1D419DE2DA4EFAD0055A2F6 /* Resources */,
			);
			buildRules = (
			);
			dependencies = (
				E1D419E22DA4EFAD0055A2F6 /* PBXTargetDependency */,
			);
			fileSystemSynchronizedGroups = (
				E1D419E32DA4EFAD0055A2F6 /* cryptocalTests */,
			);
			name = cryptocalTests;
			packageProductDependencies = (
			);
			productName = cryptocalTests;
			productReference = E1D419E02DA4EFAD0055A2F6 /* cryptocalTests.xctest */;
			productType = "com.apple.product-type.bundle.unit-test";
		};
		E1D419E92DA4EFAD0055A2F6 /* cryptocalUITests */ = {
			isa = PBXNativeTarget;
			buildConfigurationList = E1D419FA2DA4EFAD0055A2F6 /* Build configuration list for PBXNativeTarget "cryptocalUITests" */;
			buildPhases = (
				E1D419E62DA4EFAD0055A2F6 /* Sources */,
				E1D419E72DA4EFAD0055A2F6 /* Frameworks */,
				E1D419E82DA4EFAD0055A2F6 /* Resources */,
			);
			buildRules = (
			);
			dependencies = (
				E1D419EC2DA4EFAD0055A2F6 /* PBXTargetDependency */,
			);
			fileSystemSynchronizedGroups = (
				E1D419ED2DA4EFAD0055A2F6 /* cryptocalUITests */,
			);
			name = cryptocalUITests;
			packageProductDependencies = (
			);
			productName = cryptocalUITests;
			productReference = E1D419EA2DA4EFAD0055A2F6 /* cryptocalUITests.xctest */;
			productType = "com.apple.product-type.bundle.ui-testing";
		};
/* End PBXNativeTarget section */

/* Begin PBXProject section */
		E1D419CB2DA4EFAC0055A2F6 /* Project object */ = {
			isa = PBXProject;
			attributes = {
				BuildIndependentTargetsInParallel = 1;
				LastSwiftUpdateCheck = 1630;
				LastUpgradeCheck = 1630;
				TargetAttributes = {
					E1D419D22DA4EFAC0055A2F6 = {
						CreatedOnToolsVersion = 16.3;
					};
					E1D419DF2DA4EFAD0055A2F6 = {
						CreatedOnToolsVersion = 16.3;
						TestTargetID = E1D419D22DA4EFAC0055A2F6;
					};
					E1D419E92DA4EFAD0055A2F6 = {
						CreatedOnToolsVersion = 16.3;
						TestTargetID = E1D419D22DA4EFAC0055A2F6;
					};
				};
			};
			buildConfigurationList = E1D419CE2DA4EFAC0055A2F6 /* Build configuration list for PBXProject "cryptocal" */;
			developmentRegion = en;
			hasScannedForEncodings = 0;
			knownRegions = (
				en,
				Base,
			);
			mainGroup = E1D419CA2DA4EFAC0055A2F6;
			minimizedProjectReferenceProxies = 1;
			packageReferences = (
				E1D41A012DA4F33D0055A2F6 /* XCRemoteSwiftPackageReference "BigInt" */,
				E1D41A042DA4F5A00055A2F6 /* XCRemoteSwiftPackageReference "CryptoSwift" */,
				E1D41A092DA4F6880055A2F6 /* XCRemoteSwiftPackageReference "swift-bignum" */,
			);
			preferredProjectObjectVersion = 77;
			productRefGroup = E1D419D42DA4EFAC0055A2F6 /* Products */;
			projectDirPath = "";
			projectRoot = "";
			targets = (
				E1D419D22DA4EFAC0055A2F6 /* cryptocal */,
				E1D419DF2DA4EFAD0055A2F6 /* cryptocalTests */,
				E1D419E92DA4EFAD0055A2F6 /* cryptocalUITests */,
			);
		};
/* End PBXProject section */

/* Begin PBXResourcesBuildPhase section */
		E1D419D12DA4EFAC0055A2F6 /* Resources */ = {
			isa = PBXResourcesBuildPhase;
			buildActionMask = 2147483647;
			files = (
			);
			runOnlyForDeploymentPostprocessing = 0;
		};
		E1D419DE2DA4EFAD0055A2F6 /* Resources */ = {
			isa = PBXResourcesBuildPhase;
			buildActionMask = 2147483647;
			files = (
			);
			runOnlyForDeploymentPostprocessing = 0;
		};
		E1D419E82DA4EFAD0055A2F6 /* Resources */ = {
			isa = PBXResourcesBuildPhase;
			buildActionMask = 2147483647;
			files = (
			);
			runOnlyForDeploymentPostprocessing = 0;
		};
/* End PBXResourcesBuildPhase section */

/* Begin PBXSourcesBuildPhase section */
		E1D419CF2DA4EFAC0055A2F6 /* Sources */ = {
			isa = PBXSourcesBuildPhase;
			buildActionMask = 2147483647;
			files = (
			);
			runOnlyForDeploymentPostprocessing = 0;
		};
		E1D419DC2DA4EFAD0055A2F6 /* Sources */ = {
			isa = PBXSourcesBuildPhase;
			buildActionMask = 2147483647;
			files = (
			);
			runOnlyForDeploymentPostprocessing = 0;
		};
		E1D419E62DA4EFAD0055A2F6 /* Sources */ = {
			isa = PBXSourcesBuildPhase;
			buildActionMask = 2147483647;
			files = (
			);
			runOnlyForDeploymentPostprocessing = 0;
		};
/* End PBXSourcesBuildPhase section */

/* Begin PBXTargetDependency section */
		E1D419E22DA4EFAD0055A2F6 /* PBXTargetDependency */ = {
			isa = PBXTargetDependency;
			target = E1D419D22DA4EFAC0055A2F6 /* cryptocal */;
			targetProxy = E1D419E12DA4EFAD0055A2F6 /* PBXContainerItemProxy */;
		};
		E1D419EC2DA4EFAD0055A2F6 /* PBXTargetDependency */ = {
			isa = PBXTargetDependency;
			target = E1D419D22DA4EFAC0055A2F6 /* cryptocal */;
			targetProxy = E1D419EB2DA4EFAD0055A2F6 /* PBXContainerItemProxy */;
		};
/* End PBXTargetDependency section */

/* Begin XCBuildConfiguration section */
		E1D419F22DA4EFAD0055A2F6 /* Debug */ = {
			isa = XCBuildConfiguration;
			buildSettings = {
				ALWAYS_SEARCH_USER_PATHS = NO;
				ASSETCATALOG_COMPILER_GENERATE_SWIFT_ASSET_SYMBOL_EXTENSIONS = YES;
				CLANG_ANALYZER_NONNULL = YES;
				CLANG_ANALYZER_NUMBER_OBJECT_CONVERSION = YES_AGGRESSIVE;
				CLANG_CXX_LANGUAGE_STANDARD = "gnu++20";
				CLANG_ENABLE_MODULES = YES;
				CLANG_ENABLE_OBJC_ARC = YES;
				CLANG_ENABLE_OBJC_WEAK = YES;
				CLANG_WARN_BLOCK_CAPTURE_AUTORELEASING = YES;
				CLANG_WARN_BOOL_CONVERSION = YES;
				CLANG_WARN_COMMA = YES;
				CLANG_WARN_CONSTANT_CONVERSION = YES;
				CLANG_WARN_DEPRECATED_OBJC_IMPLEMENTATIONS = YES;
				CLANG_WARN_DIRECT_OBJC_ISA_USAGE = YES_ERROR;
				CLANG_WARN_DOCUMENTATION_COMMENTS = YES;
				CLANG_WARN_EMPTY_BODY = YES;
				CLANG_WARN_ENUM_CONVERSION = YES;
				CLANG_WARN_INFINITE_RECURSION = YES;
				CLANG_WARN_INT_CONVERSION = YES;
				CLANG_WARN_NON_LITERAL_NULL_CONVERSION = YES;
				CLANG_WARN_OBJC_IMPLICIT_RETAIN_SELF = YES;
				CLANG_WARN_OBJC_LITERAL_CONVERSION = YES;
				CLANG_WARN_OBJC_ROOT_CLASS = YES_ERROR;
				CLANG_WARN_QUOTED_INCLUDE_IN_FRAMEWORK_HEADER = YES;
				CLANG_WARN_RANGE_LOOP_ANALYSIS = YES;
				CLANG_WARN_STRICT_PROTOTYPES = YES;
				CLANG_WARN_SUSPICIOUS_MOVE = YES;
				CLANG_WARN_UNGUARDED_AVAILABILITY = YES_AGGRESSIVE;
				CLANG_WARN_UNREACHABLE_CODE = YES;
				CLANG_WARN__DUPLICATE_METHOD_MATCH = YES;
				COPY_PHASE_STRIP = NO;
				DEBUG_INFORMATION_FORMAT = dwarf;
				DEVELOPMENT_TEAM = LQ7T7C4783;
				ENABLE_STRICT_OBJC_MSGSEND = YES;
				ENABLE_TESTABILITY = YES;
				ENABLE_USER_SCRIPT_SANDBOXING = YES;
				GCC_C_LANGUAGE_STANDARD = gnu17;
				GCC_DYNAMIC_NO_PIC = NO;
				GCC_NO_COMMON_BLOCKS = YES;
				GCC_OPTIMIZATION_LEVEL = 0;
				GCC_PREPROCESSOR_DEFINITIONS = (
					"DEBUG=1",
					"$(inherited)",
				);
				GCC_WARN_64_TO_32_BIT_CONVERSION = YES;
				GCC_WARN_ABOUT_RETURN_TYPE = YES_ERROR;
				GCC_WARN_UNDECLARED_SELECTOR = YES;
				GCC_WARN_UNINITIALIZED_AUTOS = YES_AGGRESSIVE;
				GCC_WARN_UNUSED_FUNCTION = YES;
				GCC_WARN_UNUSED_VARIABLE = YES;
				IPHONEOS_DEPLOYMENT_TARGET = 18.4;
				LOCALIZATION_PREFERS_STRING_CATALOGS = YES;
				MTL_ENABLE_DEBUG_INFO = INCLUDE_SOURCE;
				MTL_FAST_MATH = YES;
				ONLY_ACTIVE_ARCH = YES;
				SDKROOT = iphoneos;
				SWIFT_ACTIVE_COMPILATION_CONDITIONS = "DEBUG $(inherited)";
				SWIFT_OPTIMIZATION_LEVEL = "-Onone";
			};
			name = Debug;
		};
		E1D419F32DA4EFAD0055A2F6 /* Release */ = {
			isa = XCBuildConfiguration;
			buildSettings = {
				ALWAYS_SEARCH_USER_PATHS = NO;
				ASSETCATALOG_COMPILER_GENERATE_SWIFT_ASSET_SYMBOL_EXTENSIONS = YES;
				CLANG_ANALYZER_NONNULL = YES;
				CLANG_ANALYZER_NUMBER_OBJECT_CONVERSION = YES_AGGRESSIVE;
				CLANG_CXX_LANGUAGE_STANDARD = "gnu++20";
				CLANG_ENABLE_MODULES = YES;
				CLANG_ENABLE_OBJC_ARC = YES;
				CLANG_ENABLE_OBJC_WEAK = YES;
				CLANG_WARN_BLOCK_CAPTURE_AUTORELEASING = YES;
				CLANG_WARN_BOOL_CONVERSION = YES;
				CLANG_WARN_COMMA = YES;
				CLANG_WARN_CONSTANT_CONVERSION = YES;
				CLANG_WARN_DEPRECATED_OBJC_IMPLEMENTATIONS = YES;
				CLANG_WARN_DIRECT_OBJC_ISA_USAGE = YES_ERROR;
				CLANG_WARN_DOCUMENTATION_COMMENTS = YES;
				CLANG_WARN_EMPTY_BODY = YES;
				CLANG_WARN_ENUM_CONVERSION = YES;
				CLANG_WARN_INFINITE_RECURSION = YES;
				CLANG_WARN_INT_CONVERSION = YES;
				CLANG_WARN_NON_LITERAL_NULL_CONVERSION = YES;
				CLANG_WARN_OBJC_IMPLICIT_RETAIN_SELF = YES;
				CLANG_WARN_OBJC_LITERAL_CONVERSION = YES;
				CLANG_WARN_OBJC_ROOT_CLASS = YES_ERROR;
				CLANG_WARN_QUOTED_INCLUDE_IN_FRAMEWORK_HEADER = YES;
				CLANG_WARN_RANGE_LOOP_ANALYSIS = YES;
				CLANG_WARN_STRICT_PROTOTYPES = YES;
				CLANG_WARN_SUSPICIOUS_MOVE = YES;
				CLANG_WARN_UNGUARDED_AVAILABILITY = YES_AGGRESSIVE;
				CLANG_WARN_UNREACHABLE_CODE = YES;
				CLANG_WARN__DUPLICATE_METHOD_MATCH = YES;
				COPY_PHASE_STRIP = NO;
				DEBUG_INFORMATION_FORMAT = "dwarf-with-dsym";
				DEVELOPMENT_TEAM = LQ7T7C4783;
				ENABLE_NS_ASSERTIONS = NO;
				ENABLE_STRICT_OBJC_MSGSEND = YES;
				ENABLE_USER_SCRIPT_SANDBOXING = YES;
				GCC_C_LANGUAGE_STANDARD = gnu17;
				GCC_NO_COMMON_BLOCKS = YES;
				GCC_WARN_64_TO_32_BIT_CONVERSION = YES;
				GCC_WARN_ABOUT_RETURN_TYPE = YES_ERROR;
				GCC_WARN_UNDECLARED_SELECTOR = YES;
				GCC_WARN_UNINITIALIZED_AUTOS = YES_AGGRESSIVE;
				GCC_WARN_UNUSED_FUNCTION = YES;
				GCC_WARN_UNUSED_VARIABLE = YES;
				IPHONEOS_DEPLOYMENT_TARGET = 18.4;
				LOCALIZATION_PREFERS_STRING_CATALOGS = YES;
				MTL_ENABLE_DEBUG_INFO = NO;
				MTL_FAST_MATH = YES;
				SDKROOT = iphoneos;
				SWIFT_COMPILATION_MODE = wholemodule;
				VALIDATE_PRODUCT = YES;
			};
			name = Release;
		};
		E1D419F52DA4EFAD0055A2F6 /* Debug */ = {
			isa = XCBuildConfiguration;
			buildSettings = {
				ASSETCATALOG_COMPILER_APPICON_NAME = AppIcon;
				ASSETCATALOG_COMPILER_GLOBAL_ACCENT_COLOR_NAME = AccentColor;
				CODE_SIGN_STYLE = Automatic;
				CURRENT_PROJECT_VERSION = 1;
				DEVELOPMENT_TEAM = LQ7T7C4783;
				ENABLE_PREVIEWS = YES;
				GENERATE_INFOPLIST_FILE = YES;
				INFOPLIST_KEY_UIApplicationSceneManifest_Generation = YES;
				INFOPLIST_KEY_UIApplicationSupportsIndirectInputEvents = YES;
				INFOPLIST_KEY_UILaunchScreen_Generation = YES;
				INFOPLIST_KEY_UISupportedInterfaceOrientations_iPad = "UIInterfaceOrientationPortrait UIInterfaceOrientationPortraitUpsideDown UIInterfaceOrientationLandscapeLeft UIInterfaceOrientationLandscapeRight";
				INFOPLIST_KEY_UISupportedInterfaceOrientations_iPhone = "UIInterfaceOrientationPortrait UIInterfaceOrientationLandscapeLeft UIInterfaceOrientationLandscapeRight";
				LD_RUNPATH_SEARCH_PATHS = (
					"$(inherited)",
					"@executable_path/Frameworks",
				);
				MARKETING_VERSION = 1.0;
				PRODUCT_BUNDLE_IDENTIFIER = com.speedy67.cryptocal;
				PRODUCT_NAME = "$(TARGET_NAME)";
				SWIFT_EMIT_LOC_STRINGS = YES;
				SWIFT_VERSION = 5.0;
				TARGETED_DEVICE_FAMILY = "1,2";
			};
			name = Debug;
		};
		E1D419F62DA4EFAD0055A2F6 /* Release */ = {
			isa = XCBuildConfiguration;
			buildSettings = {
				ASSETCATALOG_COMPILER_APPICON_NAME = AppIcon;
				ASSETCATALOG_COMPILER_GLOBAL_ACCENT_COLOR_NAME = AccentColor;
				CODE_SIGN_STYLE = Automatic;
				CURRENT_PROJECT_VERSION = 1;
				DEVELOPMENT_TEAM = LQ7T7C4783;
				ENABLE_PREVIEWS = YES;
				GENERATE_INFOPLIST_FILE = YES;
				INFOPLIST_KEY_UIApplicationSceneManifest_Generation = YES;
				INFOPLIST_KEY_UIApplicationSupportsIndirectInputEvents = YES;
				INFOPLIST_KEY_UILaunchScreen_Generation = YES;
				INFOPLIST_KEY_UISupportedInterfaceOrientations_iPad = "UIInterfaceOrientationPortrait UIInterfaceOrientationPortraitUpsideDown UIInterfaceOrientationLandscapeLeft UIInterfaceOrientationLandscapeRight";
				INFOPLIST_KEY_UISupportedInterfaceOrientations_iPhone = "UIInterfaceOrientationPortrait UIInterfaceOrientationLandscapeLeft UIInterfaceOrientationLandscapeRight";
				LD_RUNPATH_SEARCH_PATHS = (
					"$(inherited)",
					"@executable_path/Frameworks",
				);
				MARKETING_VERSION = 1.0;
				PRODUCT_BUNDLE_IDENTIFIER = com.speedy67.cryptocal;
				PRODUCT_NAME = "$(TARGET_NAME)";
				SWIFT_EMIT_LOC_STRINGS = YES;
				SWIFT_VERSION = 5.0;
				TARGETED_DEVICE_FAMILY = "1,2";
			};
			name = Release;
		};
		E1D419F82DA4EFAD0055A2F6 /* Debug */ = {
			isa = XCBuildConfiguration;
			buildSettings = {
				BUNDLE_LOADER = "$(TEST_HOST)";
				CODE_SIGN_STYLE = Automatic;
				CURRENT_PROJECT_VERSION = 1;
				DEVELOPMENT_TEAM = LQ7T7C4783;
				GENERATE_INFOPLIST_FILE = YES;
				IPHONEOS_DEPLOYMENT_TARGET = 18.4;
				MARKETING_VERSION = 1.0;
				PRODUCT_BUNDLE_IDENTIFIER = com.speedy67.cryptocalTests;
				PRODUCT_NAME = "$(TARGET_NAME)";
				SWIFT_EMIT_LOC_STRINGS = NO;
				SWIFT_VERSION = 5.0;
				TARGETED_DEVICE_FAMILY = "1,2";
				TEST_HOST = "$(BUILT_PRODUCTS_DIR)/cryptocal.app/$(BUNDLE_EXECUTABLE_FOLDER_PATH)/cryptocal";
			};
			name = Debug;
		};
		E1D419F92DA4EFAD0055A2F6 /* Release */ = {
			isa = XCBuildConfiguration;
			buildSettings = {
				BUNDLE_LOADER = "$(TEST_HOST)";
				CODE_SIGN_STYLE = Automatic;
				CURRENT_PROJECT_VERSION = 1;
				DEVELOPMENT_TEAM = LQ7T7C4783;
				GENERATE_INFOPLIST_FILE = YES;
				IPHONEOS_DEPLOYMENT_TARGET = 18.4;
				MARKETING_VERSION = 1.0;
				PRODUCT_BUNDLE_IDENTIFIER = com.speedy67.cryptocalTests;
				PRODUCT_NAME = "$(TARGET_NAME)";
				SWIFT_EMIT_LOC_STRINGS = NO;
				SWIFT_VERSION = 5.0;
				TARGETED_DEVICE_FAMILY = "1,2";
				TEST_HOST = "$(BUILT_PRODUCTS_DIR)/cryptocal.app/$(BUNDLE_EXECUTABLE_FOLDER_PATH)/cryptocal";
			};
			name = Release;
		};
		E1D419FB2DA4EFAD0055A2F6 /* Debug */ = {
			isa = XCBuildConfiguration;
			buildSettings = {
				CODE_SIGN_STYLE = Automatic;
				CURRENT_PROJECT_VERSION = 1;
				DEVELOPMENT_TEAM = LQ7T7C4783;
				GENERATE_INFOPLIST_FILE = YES;
				MARKETING_VERSION = 1.0;
				PRODUCT_BUNDLE_IDENTIFIER = com.speedy67.cryptocalUITests;
				PRODUCT_NAME = "$(TARGET_NAME)";
				SWIFT_EMIT_LOC_STRINGS = NO;
				SWIFT_VERSION = 5.0;
				TARGETED_DEVICE_FAMILY = "1,2";
				TEST_TARGET_NAME = cryptocal;
			};
			name = Debug;
		};
		E1D419FC2DA4EFAD0055A2F6 /* Release */ = {
			isa = XCBuildConfiguration;
			buildSettings = {
				CODE_SIGN_STYLE = Automatic;
				CURRENT_PROJECT_VERSION = 1;
				DEVELOPMENT_TEAM = LQ7T7C4783;
				GENERATE_INFOPLIST_FILE = YES;
				MARKETING_VERSION = 1.0;
				PRODUCT_BUNDLE_IDENTIFIER = com.speedy67.cryptocalUITests;
				PRODUCT_NAME = "$(TARGET_NAME)";
				SWIFT_EMIT_LOC_STRINGS = NO;
				SWIFT_VERSION = 5.0;
				TARGETED_DEVICE_FAMILY = "1,2";
				TEST_TARGET_NAME = cryptocal;
			};
			name = Release;
		};
/* End XCBuildConfiguration section */

/* Begin XCConfigurationList section */
		E1D419CE2DA4EFAC0055A2F6 /* Build configuration list for PBXProject "cryptocal" */ = {
			isa = XCConfigurationList;
			buildConfigurations = (
				E1D419F22DA4EFAD0055A2F6 /* Debug */,
				E1D419F32DA4EFAD0055A2F6 /* Release */,
			);
			defaultConfigurationIsVisible = 0;
			defaultConfigurationName = Release;
		};
		E1D419F42DA4EFAD0055A2F6 /* Build configuration list for PBXNativeTarget "cryptocal" */ = {
			isa = XCConfigurationList;
			buildConfigurations = (
				E1D419F52DA4EFAD0055A2F6 /* Debug */,
				E1D419F62DA4EFAD0055A2F6 /* Release */,
			);
			defaultConfigurationIsVisible = 0;
			defaultConfigurationName = Release;
		};
		E1D419F72DA4EFAD0055A2F6 /* Build configuration list for PBXNativeTarget "cryptocalTests" */ = {
			isa = XCConfigurationList;
			buildConfigurations = (
				E1D419F82DA4EFAD0055A2F6 /* Debug */,
				E1D419F92DA4EFAD0055A2F6 /* Release */,
			);
			defaultConfigurationIsVisible = 0;
			defaultConfigurationName = Release;
		};
		E1D419FA2DA4EFAD0055A2F6 /* Build configuration list for PBXNativeTarget "cryptocalUITests" */ = {
			isa = XCConfigurationList;
			buildConfigurations = (
				E1D419FB2DA4EFAD0055A2F6 /* Debug */,
				E1D419FC2DA4EFAD0055A2F6 /* Release */,
			);
			defaultConfigurationIsVisible = 0;
			defaultConfigurationName = Release;
		};
/* End XCConfigurationList section */

/* Begin XCRemoteSwiftPackageReference section */
		E1D41A012DA4F33D0055A2F6 /* XCRemoteSwiftPackageReference "BigInt" */ = {
			isa = XCRemoteSwiftPackageReference;
			repositoryURL = "https://github.com/attaswift/BigInt.git";
			requirement = {
				kind = upToNextMajorVersion;
				minimumVersion = 5.1.0;
			};
		};
		E1D41A042DA4F5A00055A2F6 /* XCRemoteSwiftPackageReference "CryptoSwift" */ = {
			isa = XCRemoteSwiftPackageReference;
			repositoryURL = "https://github.com/krzyzanowskim/CryptoSwift.git";
			requirement = {
				kind = upToNextMajorVersion;
				minimumVersion = 1.8.4;
			};
		};
		E1D41A092DA4F6880055A2F6 /* XCRemoteSwiftPackageReference "swift-bignum" */ = {
			isa = XCRemoteSwiftPackageReference;
			repositoryURL = "https://github.com/dankogai/swift-bignum.git";
			requirement = {
				kind = upToNextMajorVersion;
				minimumVersion = 5.4.1;
			};
		};
/* End XCRemoteSwiftPackageReference section */

/* Begin XCSwiftPackageProductDependency section */
		E1D41A022DA4F33D0055A2F6 /* BigInt */ = {
			isa = XCSwiftPackageProductDependency;
			package = E1D41A012DA4F33D0055A2F6 /* XCRemoteSwiftPackageReference "BigInt" */;
			productName = BigInt;
		};
		E1D41A052DA4F5A00055A2F6 /* CryptoSwift */ = {
			isa = XCSwiftPackageProductDependency;
			package = E1D41A042DA4F5A00055A2F6 /* XCRemoteSwiftPackageReference "CryptoSwift" */;
			productName = CryptoSwift;
		};
		E1D41A0A2DA4F6880055A2F6 /* BigNum */ = {
			isa = XCSwiftPackageProductDependency;
			package = E1D41A092DA4F6880055A2F6 /* XCRemoteSwiftPackageReference "swift-bignum" */;
			productName = BigNum;
		};
/* End XCSwiftPackageProductDependency section */
	};
	rootObject = E1D419CB2DA4EFAC0055A2F6 /* Project object */;
}
