{
  "originHash" : "a64212ee73e5408c559fbba35a6cb7e89cc8819a00f82d58b8d28b9b9a8922a4",
  "pins" : [
    {
      "identity" : "bigint",
      "kind" : "remoteSourceControl",
      "location" : "https://github.com/attaswift/BigInt.git",
      "state" : {
        "revision" : "114343a705df4725dfe7ab8a2a326b8883cfd79c",
        "version" : "5.5.1"
      }
    },
    {
      "identity" : "cryptoswift",
      "kind" : "remoteSourceControl",
      "location" : "https://github.com/krzyzanowskim/CryptoSwift.git",
      "state" : {
        "revision" : "729e01bc9b9dab466ac85f21fb9ee2bc1c61b258",
        "version" : "1.8.4"
      }
    },
    {
      "identity" : "swift-bignum",
      "kind" : "remoteSourceControl",
      "location" : "https://github.com/dankogai/swift-bignum.git",
      "state" : {
        "revision" : "3200f6ba76308beaf2c6ebc3d2919ec80324f7f4",
        "version" : "5.4.1"
      }
    },
    {
      "identity" : "swift-numerics",
      "kind" : "remoteSourceControl",
      "location" : "https://github.com/apple/swift-numerics",
      "state" : {
        "revision" : "e0ec0f5f3af6f3e4d5e7a19d2af26b481acb6ba8",
        "version" : "1.0.3"
      }
    }
  ],
  "version" : 3
}
